# @generated by Move, please check-in and do not edit manually.

[move]
version = 3
manifest_digest = "7C14A77E1CDD1A5EAA74A17AFE9F5339F8152164A1771B987AF395893B5AE741"
deps_digest = "F8BBB0CCB2491CA29A3DF03D6F92277A4F3574266507ACD77214D37ECA3F3082"
dependencies = [
  { id = "Sui", name = "Sui" },
]

[[move.package]]
id = "MoveStdlib"
source = { git = "https://github.com/MystenLabs/sui.git", rev = "framework/mainnet", subdir = "crates/sui-framework/packages/move-stdlib" }

[[move.package]]
id = "Sui"
source = { git = "https://github.com/MystenLabs/sui.git", rev = "framework/mainnet", subdir = "crates/sui-framework/packages/sui-framework" }

dependencies = [
  { id = "MoveStdlib", name = "MoveStdlib" },
]

[move.toolchain-version]
compiler-version = "1.60.0"
edition = "2024"
flavor = "sui"

[env]

[env.testnet]
chain-id = "4c78adac"
original-published-id = "0x44d180a6adf716d9962c1d60ed5bcac26f7014d8e48bb16c800a52f68b6a0137"
latest-published-id = "0x44d180a6adf716d9962c1d60ed5bcac26f7014d8e48bb16c800a52f68b6a0137"
published-version = "1"
